{
  "name": "portfolio",
  "lockfileVersion": 2,
  "requires": true,
  "packages": {
    "": {
      "dependencies": {
        "treejs": "^0.6.2"
      }
    },
    "node_modules/treejs": {
      "version": "0.6.2",
      "resolved": "https://registry.npmjs.org/treejs/-/treejs-0.6.2.tgz",
      "integrity": "sha512-ph4h23t/VZgOn61IGvmuZRaHxa9SgbYpEKZNXajZib8sLU3wkPYvt24/9uxOs3UIaOdN6Vjb8sgAltgH+bNCdw=="
    }
  },
  "dependencies": {
    "treejs": {
      "version": "0.6.2",
      "resolved": "https://registry.npmjs.org/treejs/-/treejs-0.6.2.tgz",
      "integrity": "sha512-ph4h23t/VZgOn61IGvmuZRaHxa9SgbYpEKZNXajZib8sLU3wkPYvt24/9uxOs3UIaOdN6Vjb8sgAltgH+bNCdw=="
    }
  }
}
